{
    "_meta": {
        "hash": {
            "sha256": "c65f35c00e73342c857301217552d631e3af9df4d80104d0eb4b5f26681eb8f1"
        },
        "pipfile-spec": 6,
        "requires": {
            "python_version": "3.7"
        },
        "sources": [
            {
                "name": "pypi",
                "url": "https://pypi.org/simple",
                "verify_ssl": true
            }
        ]
    },
    "default": {
        "amqp": {
            "hashes": [
                "sha256:2dea4d16d073c902c3b89d9b96620fb6729ac0f7a923bbc777cb4ad827c0c61a",
                "sha256:e0ed0ce6b8ffe5690a2e856c7908dc557e0e605283d6885dd1361d79f2928908"
            ],
            "version": "==1.4.9"
        },
        "anyjson": {
            "hashes": [
                "sha256:37812d863c9ad3e35c0734c42e0bf0320ce8c3bed82cd20ad54cb34d158157ba"
            ],
            "version": "==0.3.3"
        },
        "babel": {
            "hashes": [
                "sha256:1aac2ae2d0d8ea368fa90906567f5c08463d98ade155c0c4bfedd6a0f7160e38",
                "sha256:d670ea0b10f8b723672d3a6abeb87b565b244da220d76b4dba1b66269ec152d4"
            ],
            "version": "==2.8.0"
        },
        "billiard": {
            "hashes": [
                "sha256:204e75d390ef8f839c30a93b696bd842c3941916e15921745d05edc2a83868ab",
                "sha256:23cb71472712e96bff3e0d45763b7b8a99e5040385fffb96816028352c255682",
                "sha256:692a2a5a55ee39a42bcb7557930e2541da85df9ea81c6e24827f63b80cd39d0b",
                "sha256:82041dbaa62f7fde1464d7ab449978618a38b241b40c0d31dafabb36446635dc",
                "sha256:958fc9f8fd5cc9b936b2cb9d96f02aa5ec3613ba13ee7f089c77ff0bcc368fac",
                "sha256:c0cbe8d45ba8d8213ad68ef9a1881002a151569c9424d551634195a18c3a4160",
                "sha256:ccfe0419eb5e49f27ad35cf06e75360af903df6d576c66cb8073246d4e023e5c",
                "sha256:d4d2fed1a251ea58eed47b48db3778ebb92f5ff4407dc91869c6f41c3a9249d0"
            ],
            "version": "==3.3.0.23"
        },
        "celery": {
            "hashes": [
                "sha256:5493e172ae817b81ba7d09443ada114886765a8ce02f16a56e6fac68d953a9b2",
                "sha256:60211897aee321266ff043fe2b33eaac825dfe9f46843cf964fc97507a186334"
            ],
            "version": "==3.1.26.post2"
        },
        "certifi": {
            "hashes": [
                "sha256:5930595817496dd21bb8dc35dad090f1c2cd0adfaf21204bf6732ca5d8ee34d3",
                "sha256:8fc0819f1f30ba15bdb34cceffb9ef04d99f420f68eb75d901e9560b8749fc41"
            ],
            "version": "==2020.6.20"
        },
        "chardet": {
            "hashes": [
                "sha256:84ab92ed1c4d4f16916e05906b6b75a6c0fb5db821cc65e70cbd64a3e2a5eaae",
                "sha256:fc323ffcaeaed0e0a02bf4d117757b98aed530d9ed4531e3e15460124c106691"
            ],
            "version": "==3.0.4"
        },
        "cloudinary": {
            "hashes": [
                "sha256:aee360d0d5bfb285d98fe64711f43f52bf03c237a446ce0c2a09131dca7f596f"
            ],
            "index": "pypi",
            "version": "==1.22.0"
        },
        "dj-database-url": {
            "hashes": [
                "sha256:4aeaeb1f573c74835b0686a2b46b85990571159ffc21aa57ecd4d1e1cb334163",
                "sha256:851785365761ebe4994a921b433062309eb882fedd318e1b0fcecc607ed02da9"
            ],
            "version": "==0.5.0"
        },
        "django": {
            "hashes": [
                "sha256:7c3543e4fb070d14e10926189a7fcf42ba919263b7473dceaefce34d54e8a119",
                "sha256:a2814bffd1f007805b19194eb0b9a331933b82bd5da1c3ba3d7b7ba16e06dc4b"
            ],
            "index": "pypi",
            "version": "==2.2"
        },
        "django-audiofield": {
            "hashes": [
                "sha256:5907716890abe233f2d4e7c8d1b5a3c516357203cc016ac95b45acedfa8043d1"
            ],
            "index": "pypi",
            "version": "==0.10.0"
        },
        "django-celery": {
            "hashes": [
                "sha256:13b0bd73998dd105bc67af89445036b2a55578299fd0292a846a0c082ed959a9",
                "sha256:1f2b5259836867e5ad8282fd9b1edc1fa869028154d129699276e2eaace3445b"
            ],
            "version": "==3.3.1"
        },
        "django-ckeditor": {
            "hashes": [
                "sha256:71c3c7bb46b0cbfb9712ef64af0d2a406eab233f44ecd7c42c24bdfa39ae3bde",
                "sha256:e4d112851a72c5bf8b586e1c674d34084cab16d28f2553ad15cc770d1e9639c7"
            ],
            "index": "pypi",
            "version": "==5.9.0"
        },
        "django-cloudinary-storage": {
            "extras": [
                "video"
            ],
            "hashes": [
                "sha256:1698fbd806635b1310294578d1b18f5dd45089e2e95a66256814211c54918b2f",
                "sha256:cf68fa2d9fa0c517355e6e437372c91f4b5a6634c43a1a553dd9d36b0eb9e2fb"
            ],
            "index": "pypi",
            "version": "==0.2.3"
        },
        "django-cors-headers": {
            "hashes": [
                "sha256:5240062ef0b16668ce8a5f43324c388d65f5439e1a30e22c38684d5ddaff0d15",
                "sha256:f5218f2f0bb1210563ff87687afbf10786e080d8494a248e705507ebd92d7153"
            ],
            "index": "pypi",
            "version": "==3.4.0"
        },
        "django-crispy-forms": {
            "hashes": [
                "sha256:888bb316db89b60050a42ec35080facb361d823eec38010ccb0702f45642d3b8",
                "sha256:f2f1e0fbb458851636447cfb6be1a611b40c8ac9e41a74ba923011378670b43b"
            ],
            "index": "pypi",
            "version": "==1.9.2"
        },
        "django-heroku": {
            "hashes": [
                "sha256:2bc690aab89eedbe01311752320a9a12e7548e3b0ed102681acc5736a41a4762",
                "sha256:6af4bc3ae4a9b55eaad6dbe5164918982d2762661aebc9f83d9fa49f6009514e"
            ],
            "index": "pypi",
            "version": "==0.3.1"
        },
        "django-js-asset": {
            "hashes": [
                "sha256:8ec12017f26eec524cab436c64ae73033368a372970af4cf42d9354fcb166bdd",
                "sha256:c163ae80d2e0b22d8fb598047cd0dcef31f81830e127cfecae278ad574167260"
            ],
            "version": "==1.2.2"
        },
        "django-phonenumber-field": {
            "hashes": [
                "sha256:2ca3bb0ada0ebc164bd903a981a34f1202a4294006e520b0da961bd7ce9f20a4",
                "sha256:d4580cc3352f4433962825f9927e6669852c1b40ec484fcb5a74064dabc1201a"
            ],
            "index": "pypi",
            "version": "==4.0.0"
        },
        "django-summernote": {
            "hashes": [
                "sha256:c23dae35c287f0d3d1ff801654ace77c3c6836453162e87c7330710d74d2eb88"
            ],
            "index": "pypi",
            "version": "==0.8.11.6"
        },
        "django-widget-tweaks": {
            "hashes": [
                "sha256:9f91ca4217199b7671971d3c1f323a2bec71a0c27dec6260b3c006fa541bc489",
                "sha256:f80bff4a8a59b278bb277a405a76a8b9a884e4bae7a6c70e78a39c626cd1c836"
            ],
            "index": "pypi",
            "version": "==1.4.8"
        },
        "djangorestframework": {
            "hashes": [
                "sha256:6dd02d5a4bd2516fb93f80360673bf540c3b6641fec8766b1da2870a5aa00b32",
                "sha256:8b1ac62c581dbc5799b03e535854b92fc4053ecfe74bad3f9c05782063d4196b"
            ],
            "index": "pypi",
            "version": "==3.11.1"
        },
        "djangorestframework-jwt": {
            "hashes": [
                "sha256:5efe33032f3a4518a300dc51a51c92145ad95fb6f4b272e5aa24701db67936a7",
                "sha256:ab15dfbbe535eede8e2e53adaf52ef0cf018ee27dbfad10cbc4cbec2ab63d38c"
            ],
            "index": "pypi",
            "version": "==1.11.0"
        },
        "gunicorn": {
            "hashes": [
                "sha256:1904bb2b8a43658807108d59c3f3d56c2b6121a701161de0ddf9ad140073c626",
                "sha256:cd4a810dd51bf497552cf3f863b575dabd73d6ad6a91075b65936b151cbf4f9c"
            ],
            "index": "pypi",
            "version": "==20.0.4"
        },
        "idna": {
            "hashes": [
                "sha256:b307872f855b18632ce0c21c5e45be78c0ea7ae4c15c828c20788b26921eb3f6",
                "sha256:b97d804b1e9b523befed77c48dacec60e6dcb0b5391d57af6a65a312a90648c0"
            ],
            "version": "==2.10"
        },
        "kombu": {
            "hashes": [
                "sha256:7ceab743e3e974f3e5736082e8cc514c009e254e646d6167342e0e192aee81a6",
                "sha256:e064a00c66b4d1058cd2b0523fb8d98c82c18450244177b6c0f7913016642650"
            ],
            "version": "==3.0.37"
        },
        "phonenumbers": {
            "hashes": [
                "sha256:652c418f8e97c8438f227a524ddf8d7d325c4a47e4924ce865b827c24ec3194d",
                "sha256:772d69e620f85bb089d27c4e2bbf718c49ad327459accf9463ac65dbab67695c"
            ],
            "index": "pypi",
            "version": "==8.12.7"
        },
        "pillow": {
            "hashes": [
                "sha256:0295442429645fa16d05bd567ef5cff178482439c9aad0411d3f0ce9b88b3a6f",
                "sha256:06aba4169e78c439d528fdeb34762c3b61a70813527a2c57f0540541e9f433a8",
                "sha256:09d7f9e64289cb40c2c8d7ad674b2ed6105f55dc3b09aa8e4918e20a0311e7ad",
                "sha256:0a80dd307a5d8440b0a08bd7b81617e04d870e40a3e46a32d9c246e54705e86f",
                "sha256:1ca594126d3c4def54babee699c055a913efb01e106c309fa6b04405d474d5ae",
                "sha256:25930fadde8019f374400f7986e8404c8b781ce519da27792cbe46eabec00c4d",
                "sha256:431b15cffbf949e89df2f7b48528be18b78bfa5177cb3036284a5508159492b5",
                "sha256:52125833b070791fcb5710fabc640fc1df07d087fc0c0f02d3661f76c23c5b8b",
                "sha256:5e51ee2b8114def244384eda1c82b10e307ad9778dac5c83fb0943775a653cd8",
                "sha256:612cfda94e9c8346f239bf1a4b082fdd5c8143cf82d685ba2dba76e7adeeb233",
                "sha256:6d7741e65835716ceea0fd13a7d0192961212fd59e741a46bbed7a473c634ed6",
                "sha256:6edb5446f44d901e8683ffb25ebdfc26988ee813da3bf91e12252b57ac163727",
                "sha256:725aa6cfc66ce2857d585f06e9519a1cc0ef6d13f186ff3447ab6dff0a09bc7f",
                "sha256:8dad18b69f710bf3a001d2bf3afab7c432785d94fcf819c16b5207b1cfd17d38",
                "sha256:94cf49723928eb6070a892cb39d6c156f7b5a2db4e8971cb958f7b6b104fb4c4",
                "sha256:97f9e7953a77d5a70f49b9a48da7776dc51e9b738151b22dacf101641594a626",
                "sha256:9ad7f865eebde135d526bb3163d0b23ffff365cf87e767c649550964ad72785d",
                "sha256:a060cf8aa332052df2158e5a119303965be92c3da6f2d93b6878f0ebca80b2f6",
                "sha256:c79f9c5fb846285f943aafeafda3358992d64f0ef58566e23484132ecd8d7d63",
                "sha256:c92302a33138409e8f1ad16731568c55c9053eee71bb05b6b744067e1b62380f",
                "sha256:d08b23fdb388c0715990cbc06866db554e1822c4bdcf6d4166cf30ac82df8c41",
                "sha256:d350f0f2c2421e65fbc62690f26b59b0bcda1b614beb318c81e38647e0f673a1",
                "sha256:ec29604081f10f16a7aea809ad42e27764188fc258b02259a03a8ff7ded3808d",
                "sha256:edf31f1150778abd4322444c393ab9c7bd2af271dd4dafb4208fb613b1f3cdc9",
                "sha256:f7e30c27477dffc3e85c2463b3e649f751789e0f6c8456099eea7ddd53be4a8a",
                "sha256:ffe538682dc19cc542ae7c3e504fdf54ca7f86fb8a135e59dd6bc8627eae6cce"
            ],
            "index": "pypi",
            "version": "==7.2.0"
        },
        "psycopg2": {
            "hashes": [
                "sha256:132efc7ee46a763e68a815f4d26223d9c679953cd190f1f218187cb60decf535",
                "sha256:2327bf42c1744a434ed8ed0bbaa9168cac7ee5a22a9001f6fc85c33b8a4a14b7",
                "sha256:27c633f2d5db0fc27b51f1b08f410715b59fa3802987aec91aeb8f562724e95c",
                "sha256:2c0afb40cfb4d53487ee2ebe128649028c9a78d2476d14a67781e45dc287f080",
                "sha256:2df2bf1b87305bd95eb3ac666ee1f00a9c83d10927b8144e8e39644218f4cf81",
                "sha256:440a3ea2c955e89321a138eb7582aa1d22fe286c7d65e26a2c5411af0a88ae72",
                "sha256:6a471d4d2a6f14c97a882e8d3124869bc623f3df6177eefe02994ea41fd45b52",
                "sha256:6b306dae53ec7f4f67a10942cf8ac85de930ea90e9903e2df4001f69b7833f7e",
                "sha256:a0984ff49e176062fcdc8a5a2a670c9bb1704a2f69548bce8f8a7bad41c661bf",
                "sha256:ac5b23d0199c012ad91ed1bbb971b7666da651c6371529b1be8cbe2a7bf3c3a9",
                "sha256:acf56d564e443e3dea152efe972b1434058244298a94348fc518d6dd6a9fb0bb",
                "sha256:d3b29d717d39d3580efd760a9a46a7418408acebbb784717c90d708c9ed5f055",
                "sha256:f7d46240f7a1ae1dd95aab38bd74f7428d46531f69219954266d669da60c0818"
            ],
            "version": "==2.8.5"
        },
        "pyjwt": {
            "hashes": [
                "sha256:5c6eca3c2940464d106b99ba83b00c6add741c9becaec087fb7ccdefea71350e",
                "sha256:8d59a976fb773f3e6a39c85636357c4f0e242707394cadadd9814f5cbaa20e96"
            ],
            "version": "==1.7.1"
        },
        "python-http-client": {
            "hashes": [
                "sha256:93d6a26b426e48b04e589c1f103e7c040193e4ccc379ea50cd6e12f94cca7c69"
            ],
            "version": "==3.2.7"
        },
        "python-magic": {
            "hashes": [
                "sha256:356efa93c8899047d1eb7d3eb91e871ba2f5b1376edbaf4cc305e3c872207355",
                "sha256:b757db2a5289ea3f1ced9e60f072965243ea43a2221430048fd8cacab17be0ce"
            ],
            "version": "==0.4.18"
        },
        "pytz": {
            "hashes": [
                "sha256:a494d53b6d39c3c6e44c3bec237336e14305e4f29bbf800b599253057fbb79ed",
                "sha256:c35965d010ce31b23eeb663ed3cc8c906275d6be1a34393a1d73a41febf4a048"
            ],
            "version": "==2020.1"
        },
        "requests": {
            "hashes": [
                "sha256:b3559a131db72c33ee969480840fff4bb6dd111de7dd27c8ee1f820f4f00231b",
                "sha256:fe75cc94a9443b9246fc7049224f75604b113c36acb93f87b80ed42c44cbb898"
            ],
            "version": "==2.24.0"
        },
        "sendgrid": {
            "hashes": [
                "sha256:0bb53924d3f46e895c19150f4ee8451cebb59eee0aaa1f8f7232f37eac79ca7a",
                "sha256:50e0061954ead24167a300f104a6c5ea11f1e132e4fdba440f634ed79a1cbef9"
            ],
            "index": "pypi",
            "version": "==6.4.5"
        },
        "six": {
            "hashes": [
                "sha256:30639c035cdb23534cd4aa2dd52c3bf48f06e5f4a941509c8bafd8ce11080259",
                "sha256:8b74bedcbbbaca38ff6d7491d76f2b06b3592611af620f8426e82dddb04a5ced"
            ],
            "index": "pypi",
            "version": "==1.15.0"
        },
        "sqlparse": {
            "hashes": [
                "sha256:022fb9c87b524d1f7862b3037e541f68597a730a8843245c349fc93e1643dc4e",
                "sha256:e162203737712307dfe78860cc56c8da8a852ab2ee33750e33aeadf38d12c548"
            ],
            "version": "==0.3.1"
        },
        "starkbank-ecdsa": {
            "hashes": [
                "sha256:cd17ec9fa7ad8ae3fc81a63ddb7e0d7fb798a048e40c1a9c55afd1a207d1eff9"
            ],
            "version": "==1.0.0"
        },
        "urllib3": {
            "hashes": [
                "sha256:91056c15fa70756691db97756772bb1eb9678fa585d9184f24534b100dc60f4a",
                "sha256:e7983572181f5e1522d9c98453462384ee92a0be7fac5f1413a1e35c56cc0461"
            ],
            "version": "==1.25.10"
        },
        "whitenoise": {
            "hashes": [
                "sha256:05ce0be39ad85740a78750c86a93485c40f08ad8c62a6006de0233765996e5c7",
                "sha256:05d00198c777028d72d8b0bbd234db605ef6d60e9410125124002518a48e515d"
            ],
            "version": "==5.2.0"
        }
    },
    "develop": {}
}
